PODS:
  - Alamofire (4.4.0)
  - KRProgressHUD (2.2.0)

DEPENDENCIES:
  - Alamofire (~> 4.4)
  - KRProgressHUD

SPEC CHECKSUMS:
  Alamofire: dc44b1600b800eb63da6a19039a0083d62a6a62d
  KRProgressHUD: 77aa376722c2593d8922317fa2c0a5470e79109f

PODFILE CHECKSUM: c4749a8fe9f6861c8b32b88076780d479088569d

COCOAPODS: 1.2.0
